// !$*UTF8*$!
{
	archiveVersion = 1;
	classes = {
	};
	objectVersion = 50;
	objects = {

/* Begin PBXBuildFile section */
		AE2A8AAC24F800C7008B33F4 /* DogsBannerViewController.swift in Sources */ = {isa = PBXBuildFile; fileRef = AE2A8AAB24F800C7008B33F4 /* DogsBannerViewController.swift */; };
		AE2A8AAE24F80334008B33F4 /* UIViewController+Extension.swift in Sources */ = {isa = PBXBuildFile; fileRef = AE2A8AAD24F80334008B33F4 /* UIViewController+Extension.swift */; };
		AE2A8AB124F81405008B33F4 /* DogsTableDataSource.swift in Sources */ = {isa = PBXBuildFile; fileRef = AE2A8AB024F81405008B33F4 /* DogsTableDataSource.swift */; };
		AE2A8AB324F8151C008B33F4 /* DogsCollectionDataSource.swift in Sources */ = {isa = PBXBuildFile; fileRef = AE2A8AB224F8151C008B33F4 /* DogsCollectionDataSource.swift */; };
		AE83A26224F543DE00DC5FF1 /* AppDelegate.swift in Sources */ = {isa = PBXBuildFile; fileRef = AE83A26124F543DE00DC5FF1 /* AppDelegate.swift */; };
		AE83A26424F543DE00DC5FF1 /* SceneDelegate.swift in Sources */ = {isa = PBXBuildFile; fileRef = AE83A26324F543DE00DC5FF1 /* SceneDelegate.swift */; };
		AE83A26B24F543E400DC5FF1 /* Assets.xcassets in Resources */ = {isa = PBXBuildFile; fileRef = AE83A26A24F543E400DC5FF1 /* Assets.xcassets */; };
		AE83A26E24F543E400DC5FF1 /* LaunchScreen.storyboard in Resources */ = {isa = PBXBuildFile; fileRef = AE83A26C24F543E400DC5FF1 /* LaunchScreen.storyboard */; };
		AEB7E51324F54DCB00249779 /* DogHomeJson.json in Resources */ = {isa = PBXBuildFile; fileRef = AEB7E51224F54DCB00249779 /* DogHomeJson.json */; };
		AEB7E51724F54F4100249779 /* HomeDogViewController.swift in Sources */ = {isa = PBXBuildFile; fileRef = AEB7E51624F54F4100249779 /* HomeDogViewController.swift */; };
		AEB7E51A24F54FC300249779 /* HomeDog.swift in Sources */ = {isa = PBXBuildFile; fileRef = AEB7E51924F54FC300249779 /* HomeDog.swift */; };
		AEB7E51F24F5506D00249779 /* UIView+Extension.swift in Sources */ = {isa = PBXBuildFile; fileRef = AEB7E51E24F5506D00249779 /* UIView+Extension.swift */; };
		AEB7E52424F555A400249779 /* HomeDogTableViewCell.swift in Sources */ = {isa = PBXBuildFile; fileRef = AEB7E52324F555A400249779 /* HomeDogTableViewCell.swift */; };
		AEB7E52924F5A46200249779 /* HomeDogCollectionViewCell.swift in Sources */ = {isa = PBXBuildFile; fileRef = AEB7E52824F5A46200249779 /* HomeDogCollectionViewCell.swift */; };
		AEB7E52B24F5ABBA00249779 /* DetailDog.swift in Sources */ = {isa = PBXBuildFile; fileRef = AEB7E52A24F5ABBA00249779 /* DetailDog.swift */; };
		AEB7E52D24F5ACDC00249779 /* Array+Extension.swift in Sources */ = {isa = PBXBuildFile; fileRef = AEB7E52C24F5ACDC00249779 /* Array+Extension.swift */; };
		AEB7E52F24F5AD8800249779 /* DogDetailJson.json in Resources */ = {isa = PBXBuildFile; fileRef = AEB7E52E24F5AD8800249779 /* DogDetailJson.json */; };
		AEB7E53424F64A7F00249779 /* UILabel+Extension.swift in Sources */ = {isa = PBXBuildFile; fileRef = AEB7E53324F64A7F00249779 /* UILabel+Extension.swift */; };
		AEB7E53724F64B0000249779 /* DetailDogViewController.swift in Sources */ = {isa = PBXBuildFile; fileRef = AEB7E53624F64B0000249779 /* DetailDogViewController.swift */; };
		AEB7E53924F6838400249779 /* DataProvider.swift in Sources */ = {isa = PBXBuildFile; fileRef = AEB7E53824F6838400249779 /* DataProvider.swift */; };
		AEB7E53D24F6846E00249779 /* MockDataProvider.swift in Sources */ = {isa = PBXBuildFile; fileRef = AEB7E53C24F6846E00249779 /* MockDataProvider.swift */; };
		AEEB183C24F6984D0024DFCA /* Coordinator.swift in Sources */ = {isa = PBXBuildFile; fileRef = AEEB183B24F6984D0024DFCA /* Coordinator.swift */; };
		AEEB183E24F698AC0024DFCA /* ApplicationCoordinator.swift in Sources */ = {isa = PBXBuildFile; fileRef = AEEB183D24F698AC0024DFCA /* ApplicationCoordinator.swift */; };
		AEEB184024F699940024DFCA /* DogsListViewController.swift in Sources */ = {isa = PBXBuildFile; fileRef = AEEB183F24F699940024DFCA /* DogsListViewController.swift */; };
/* End PBXBuildFile section */

/* Begin PBXFileReference section */
		AE2A8AAB24F800C7008B33F4 /* DogsBannerViewController.swift */ = {isa = PBXFileReference; lastKnownFileType = sourcecode.swift; path = DogsBannerViewController.swift; sourceTree = "<group>"; };
		AE2A8AAD24F80334008B33F4 /* UIViewController+Extension.swift */ = {isa = PBXFileReference; lastKnownFileType = sourcecode.swift; path = "UIViewController+Extension.swift"; sourceTree = "<group>"; };
		AE2A8AB024F81405008B33F4 /* DogsTableDataSource.swift */ = {isa = PBXFileReference; lastKnownFileType = sourcecode.swift; path = DogsTableDataSource.swift; sourceTree = "<group>"; };
		AE2A8AB224F8151C008B33F4 /* DogsCollectionDataSource.swift */ = {isa = PBXFileReference; lastKnownFileType = sourcecode.swift; path = DogsCollectionDataSource.swift; sourceTree = "<group>"; };
		AE83A25E24F543DE00DC5FF1 /* MassiveViewContoller_Sample.app */ = {isa = PBXFileReference; explicitFileType = wrapper.application; includeInIndex = 0; path = MassiveViewContoller_Sample.app; sourceTree = BUILT_PRODUCTS_DIR; };
		AE83A26124F543DE00DC5FF1 /* AppDelegate.swift */ = {isa = PBXFileReference; lastKnownFileType = sourcecode.swift; path = AppDelegate.swift; sourceTree = "<group>"; };
		AE83A26324F543DE00DC5FF1 /* SceneDelegate.swift */ = {isa = PBXFileReference; lastKnownFileType = sourcecode.swift; path = SceneDelegate.swift; sourceTree = "<group>"; };
		AE83A26A24F543E400DC5FF1 /* Assets.xcassets */ = {isa = PBXFileReference; lastKnownFileType = folder.assetcatalog; path = Assets.xcassets; sourceTree = "<group>"; };
		AE83A26D24F543E400DC5FF1 /* Base */ = {isa = PBXFileReference; lastKnownFileType = file.storyboard; name = Base; path = Base.lproj/LaunchScreen.storyboard; sourceTree = "<group>"; };
		AE83A26F24F543E400DC5FF1 /* Info.plist */ = {isa = PBXFileReference; lastKnownFileType = text.plist.xml; path = Info.plist; sourceTree = "<group>"; };
		AEB7E51224F54DCB00249779 /* DogHomeJson.json */ = {isa = PBXFileReference; fileEncoding = 4; lastKnownFileType = text.json; path = DogHomeJson.json; sourceTree = "<group>"; };
		AEB7E51624F54F4100249779 /* HomeDogViewController.swift */ = {isa = PBXFileReference; lastKnownFileType = sourcecode.swift; path = HomeDogViewController.swift; sourceTree = "<group>"; };
		AEB7E51924F54FC300249779 /* HomeDog.swift */ = {isa = PBXFileReference; fileEncoding = 4; lastKnownFileType = sourcecode.swift; path = HomeDog.swift; sourceTree = "<group>"; };
		AEB7E51E24F5506D00249779 /* UIView+Extension.swift */ = {isa = PBXFileReference; lastKnownFileType = sourcecode.swift; path = "UIView+Extension.swift"; sourceTree = "<group>"; };
		AEB7E52324F555A400249779 /* HomeDogTableViewCell.swift */ = {isa = PBXFileReference; lastKnownFileType = sourcecode.swift; path = HomeDogTableViewCell.swift; sourceTree = "<group>"; };
		AEB7E52824F5A46200249779 /* HomeDogCollectionViewCell.swift */ = {isa = PBXFileReference; lastKnownFileType = sourcecode.swift; path = HomeDogCollectionViewCell.swift; sourceTree = "<group>"; };
		AEB7E52A24F5ABBA00249779 /* DetailDog.swift */ = {isa = PBXFileReference; lastKnownFileType = sourcecode.swift; path = DetailDog.swift; sourceTree = "<group>"; };
		AEB7E52C24F5ACDC00249779 /* Array+Extension.swift */ = {isa = PBXFileReference; lastKnownFileType = sourcecode.swift; path = "Array+Extension.swift"; sourceTree = "<group>"; };
		AEB7E52E24F5AD8800249779 /* DogDetailJson.json */ = {isa = PBXFileReference; fileEncoding = 4; lastKnownFileType = text.json; path = DogDetailJson.json; sourceTree = "<group>"; };
		AEB7E53324F64A7F00249779 /* UILabel+Extension.swift */ = {isa = PBXFileReference; lastKnownFileType = sourcecode.swift; path = "UILabel+Extension.swift"; sourceTree = "<group>"; };
		AEB7E53624F64B0000249779 /* DetailDogViewController.swift */ = {isa = PBXFileReference; lastKnownFileType = sourcecode.swift; path = DetailDogViewController.swift; sourceTree = "<group>"; };
		AEB7E53824F6838400249779 /* DataProvider.swift */ = {isa = PBXFileReference; lastKnownFileType = sourcecode.swift; path = DataProvider.swift; sourceTree = "<group>"; };
		AEB7E53C24F6846E00249779 /* MockDataProvider.swift */ = {isa = PBXFileReference; lastKnownFileType = sourcecode.swift; path = MockDataProvider.swift; sourceTree = "<group>"; };
		AEEB183B24F6984D0024DFCA /* Coordinator.swift */ = {isa = PBXFileReference; lastKnownFileType = sourcecode.swift; path = Coordinator.swift; sourceTree = "<group>"; };
		AEEB183D24F698AC0024DFCA /* ApplicationCoordinator.swift */ = {isa = PBXFileReference; fileEncoding = 4; lastKnownFileType = sourcecode.swift; path = ApplicationCoordinator.swift; sourceTree = "<group>"; };
		AEEB183F24F699940024DFCA /* DogsListViewController.swift */ = {isa = PBXFileReference; lastKnownFileType = sourcecode.swift; path = DogsListViewController.swift; sourceTree = "<group>"; };
/* End PBXFileReference section */

/* Begin PBXFrameworksBuildPhase section */
		AE83A25B24F543DE00DC5FF1 /* Frameworks */ = {
			isa = PBXFrameworksBuildPhase;
			buildActionMask = 2147483647;
			files = (
			);
			runOnlyForDeploymentPostprocessing = 0;
		};
/* End PBXFrameworksBuildPhase section */

/* Begin PBXGroup section */
		AE2A8AAF24F813D6008B33F4 /* DataSources */ = {
			isa = PBXGroup;
			children = (
				AE2A8AB024F81405008B33F4 /* DogsTableDataSource.swift */,
				AE2A8AB224F8151C008B33F4 /* DogsCollectionDataSource.swift */,
			);
			path = DataSources;
			sourceTree = "<group>";
		};
		AE83A25524F543DE00DC5FF1 = {
			isa = PBXGroup;
			children = (
				AE83A26024F543DE00DC5FF1 /* MassiveViewContoller_Sample */,
				AE83A25F24F543DE00DC5FF1 /* Products */,
			);
			sourceTree = "<group>";
		};
		AE83A25F24F543DE00DC5FF1 /* Products */ = {
			isa = PBXGroup;
			children = (
				AE83A25E24F543DE00DC5FF1 /* MassiveViewContoller_Sample.app */,
			);
			name = Products;
			sourceTree = "<group>";
		};
		AE83A26024F543DE00DC5FF1 /* MassiveViewContoller_Sample */ = {
			isa = PBXGroup;
			children = (
				AEEB183924F6965D0024DFCA /* Resources */,
				AEEB183824F6964A0024DFCA /* DataProvider */,
				AEB7E51B24F5502A00249779 /* Helper */,
				AEB7E51824F54FAE00249779 /* Model */,
				AEB7E51424F54F0400249779 /* Activities */,
				AE83A26124F543DE00DC5FF1 /* AppDelegate.swift */,
				AE83A26324F543DE00DC5FF1 /* SceneDelegate.swift */,
				AE83A26F24F543E400DC5FF1 /* Info.plist */,
			);
			path = MassiveViewContoller_Sample;
			sourceTree = "<group>";
		};
		AEB7E51124F54DA600249779 /* Data */ = {
			isa = PBXGroup;
			children = (
				AEB7E52E24F5AD8800249779 /* DogDetailJson.json */,
				AEB7E51224F54DCB00249779 /* DogHomeJson.json */,
			);
			path = Data;
			sourceTree = "<group>";
		};
		AEB7E51424F54F0400249779 /* Activities */ = {
			isa = PBXGroup;
			children = (
				AEB7E53524F64AE900249779 /* DetailDog */,
				AEB7E51524F54F1900249779 /* HomeDog */,
			);
			path = Activities;
			sourceTree = "<group>";
		};
		AEB7E51524F54F1900249779 /* HomeDog */ = {
			isa = PBXGroup;
			children = (
				AE2A8AAF24F813D6008B33F4 /* DataSources */,
				AEB7E51624F54F4100249779 /* HomeDogViewController.swift */,
				AE2A8AAB24F800C7008B33F4 /* DogsBannerViewController.swift */,
				AEEB183F24F699940024DFCA /* DogsListViewController.swift */,
				AEB7E52724F5A44100249779 /* CollectionCell */,
				AEB7E52224F5557400249779 /* TableCell */,
			);
			path = HomeDog;
			sourceTree = "<group>";
		};
		AEB7E51824F54FAE00249779 /* Model */ = {
			isa = PBXGroup;
			children = (
				AEB7E51924F54FC300249779 /* HomeDog.swift */,
				AEB7E52A24F5ABBA00249779 /* DetailDog.swift */,
			);
			path = Model;
			sourceTree = "<group>";
		};
		AEB7E51B24F5502A00249779 /* Helper */ = {
			isa = PBXGroup;
			children = (
				AEEB183A24F6983E0024DFCA /* Coordinator */,
				AEB7E52024F550CB00249779 /* Extensions */,
			);
			path = Helper;
			sourceTree = "<group>";
		};
		AEB7E52024F550CB00249779 /* Extensions */ = {
			isa = PBXGroup;
			children = (
				AEB7E51E24F5506D00249779 /* UIView+Extension.swift */,
				AEB7E52C24F5ACDC00249779 /* Array+Extension.swift */,
				AEB7E53324F64A7F00249779 /* UILabel+Extension.swift */,
				AE2A8AAD24F80334008B33F4 /* UIViewController+Extension.swift */,
			);
			path = Extensions;
			sourceTree = "<group>";
		};
		AEB7E52224F5557400249779 /* TableCell */ = {
			isa = PBXGroup;
			children = (
				AEB7E52324F555A400249779 /* HomeDogTableViewCell.swift */,
			);
			path = TableCell;
			sourceTree = "<group>";
		};
		AEB7E52724F5A44100249779 /* CollectionCell */ = {
			isa = PBXGroup;
			children = (
				AEB7E52824F5A46200249779 /* HomeDogCollectionViewCell.swift */,
			);
			path = CollectionCell;
			sourceTree = "<group>";
		};
		AEB7E53524F64AE900249779 /* DetailDog */ = {
			isa = PBXGroup;
			children = (
				AEB7E53624F64B0000249779 /* DetailDogViewController.swift */,
			);
			path = DetailDog;
			sourceTree = "<group>";
		};
		AEEB183824F6964A0024DFCA /* DataProvider */ = {
			isa = PBXGroup;
			children = (
				AEB7E51124F54DA600249779 /* Data */,
				AEB7E53824F6838400249779 /* DataProvider.swift */,
				AEB7E53C24F6846E00249779 /* MockDataProvider.swift */,
			);
			path = DataProvider;
			sourceTree = "<group>";
		};
		AEEB183924F6965D0024DFCA /* Resources */ = {
			isa = PBXGroup;
			children = (
				AE83A26A24F543E400DC5FF1 /* Assets.xcassets */,
				AE83A26C24F543E400DC5FF1 /* LaunchScreen.storyboard */,
			);
			path = Resources;
			sourceTree = "<group>";
		};
		AEEB183A24F6983E0024DFCA /* Coordinator */ = {
			isa = PBXGroup;
			children = (
				AEEB183B24F6984D0024DFCA /* Coordinator.swift */,
				AEEB183D24F698AC0024DFCA /* ApplicationCoordinator.swift */,
			);
			path = Coordinator;
			sourceTree = "<group>";
		};
/* End PBXGroup section */

/* Begin PBXNativeTarget section */
		AE83A25D24F543DE00DC5FF1 /* MassiveViewContoller_Sample */ = {
			isa = PBXNativeTarget;
			buildConfigurationList = AE83A27224F543E400DC5FF1 /* Build configuration list for PBXNativeTarget "MassiveViewContoller_Sample" */;
			buildPhases = (
				AE83A25A24F543DE00DC5FF1 /* Sources */,
				AE83A25B24F543DE00DC5FF1 /* Frameworks */,
				AE83A25C24F543DE00DC5FF1 /* Resources */,
			);
			buildRules = (
			);
			dependencies = (
			);
			name = MassiveViewContoller_Sample;
			productName = MassiveViewContoller_Sample;
			productReference = AE83A25E24F543DE00DC5FF1 /* MassiveViewContoller_Sample.app */;
			productType = "com.apple.product-type.application";
		};
/* End PBXNativeTarget section */

/* Begin PBXProject section */
		AE83A25624F543DE00DC5FF1 /* Project object */ = {
			isa = PBXProject;
			attributes = {
				LastSwiftUpdateCheck = 1130;
				LastUpgradeCheck = 1130;
				ORGANIZATIONNAME = Mehdiimrz;
				TargetAttributes = {
					AE83A25D24F543DE00DC5FF1 = {
						CreatedOnToolsVersion = 11.3.1;
					};
				};
			};
			buildConfigurationList = AE83A25924F543DE00DC5FF1 /* Build configuration list for PBXProject "MassiveViewContoller_Sample" */;
			compatibilityVersion = "Xcode 9.3";
			developmentRegion = en;
			hasScannedForEncodings = 0;
			knownRegions = (
				en,
				Base,
			);
			mainGroup = AE83A25524F543DE00DC5FF1;
			productRefGroup = AE83A25F24F543DE00DC5FF1 /* Products */;
			projectDirPath = "";
			projectRoot = "";
			targets = (
				AE83A25D24F543DE00DC5FF1 /* MassiveViewContoller_Sample */,
			);
		};
/* End PBXProject section */

/* Begin PBXResourcesBuildPhase section */
		AE83A25C24F543DE00DC5FF1 /* Resources */ = {
			isa = PBXResourcesBuildPhase;
			buildActionMask = 2147483647;
			files = (
				AE83A26E24F543E400DC5FF1 /* LaunchScreen.storyboard in Resources */,
				AEB7E52F24F5AD8800249779 /* DogDetailJson.json in Resources */,
				AEB7E51324F54DCB00249779 /* DogHomeJson.json in Resources */,
				AE83A26B24F543E400DC5FF1 /* Assets.xcassets in Resources */,
			);
			runOnlyForDeploymentPostprocessing = 0;
		};
/* End PBXResourcesBuildPhase section */

/* Begin PBXSourcesBuildPhase section */
		AE83A25A24F543DE00DC5FF1 /* Sources */ = {
			isa = PBXSourcesBuildPhase;
			buildActionMask = 2147483647;
			files = (
				AE2A8AAE24F80334008B33F4 /* UIViewController+Extension.swift in Sources */,
				AEB7E53D24F6846E00249779 /* MockDataProvider.swift in Sources */,
				AEB7E53724F64B0000249779 /* DetailDogViewController.swift in Sources */,
				AEB7E51F24F5506D00249779 /* UIView+Extension.swift in Sources */,
				AEB7E52D24F5ACDC00249779 /* Array+Extension.swift in Sources */,
				AE2A8AB324F8151C008B33F4 /* DogsCollectionDataSource.swift in Sources */,
				AEB7E52424F555A400249779 /* HomeDogTableViewCell.swift in Sources */,
				AEEB183E24F698AC0024DFCA /* ApplicationCoordinator.swift in Sources */,
				AEB7E52B24F5ABBA00249779 /* DetailDog.swift in Sources */,
				AEEB183C24F6984D0024DFCA /* Coordinator.swift in Sources */,
				AEB7E51724F54F4100249779 /* HomeDogViewController.swift in Sources */,
				AEB7E52924F5A46200249779 /* HomeDogCollectionViewCell.swift in Sources */,
				AEB7E53424F64A7F00249779 /* UILabel+Extension.swift in Sources */,
				AE83A26224F543DE00DC5FF1 /* AppDelegate.swift in Sources */,
				AE2A8AAC24F800C7008B33F4 /* DogsBannerViewController.swift in Sources */,
				AE83A26424F543DE00DC5FF1 /* SceneDelegate.swift in Sources */,
				AEB7E51A24F54FC300249779 /* HomeDog.swift in Sources */,
				AE2A8AB124F81405008B33F4 /* DogsTableDataSource.swift in Sources */,
				AEB7E53924F6838400249779 /* DataProvider.swift in Sources */,
				AEEB184024F699940024DFCA /* DogsListViewController.swift in Sources */,
			);
			runOnlyForDeploymentPostprocessing = 0;
		};
/* End PBXSourcesBuildPhase section */

/* Begin PBXVariantGroup section */
		AE83A26C24F543E400DC5FF1 /* LaunchScreen.storyboard */ = {
			isa = PBXVariantGroup;
			children = (
				AE83A26D24F543E400DC5FF1 /* Base */,
			);
			name = LaunchScreen.storyboard;
			sourceTree = "<group>";
		};
/* End PBXVariantGroup section */

/* Begin XCBuildConfiguration section */
		AE83A27024F543E400DC5FF1 /* Debug */ = {
			isa = XCBuildConfiguration;
			buildSettings = {
				ALWAYS_SEARCH_USER_PATHS = NO;
				CLANG_ANALYZER_NONNULL = YES;
				CLANG_ANALYZER_NUMBER_OBJECT_CONVERSION = YES_AGGRESSIVE;
				CLANG_CXX_LANGUAGE_STANDARD = "gnu++14";
				CLANG_CXX_LIBRARY = "libc++";
				CLANG_ENABLE_MODULES = YES;
				CLANG_ENABLE_OBJC_ARC = YES;
				CLANG_ENABLE_OBJC_WEAK = YES;
				CLANG_WARN_BLOCK_CAPTURE_AUTORELEASING = YES;
				CLANG_WARN_BOOL_CONVERSION = YES;
				CLANG_WARN_COMMA = YES;
				CLANG_WARN_CONSTANT_CONVERSION = YES;
				CLANG_WARN_DEPRECATED_OBJC_IMPLEMENTATIONS = YES;
				CLANG_WARN_DIRECT_OBJC_ISA_USAGE = YES_ERROR;
				CLANG_WARN_DOCUMENTATION_COMMENTS = YES;
				CLANG_WARN_EMPTY_BODY = YES;
				CLANG_WARN_ENUM_CONVERSION = YES;
				CLANG_WARN_INFINITE_RECURSION = YES;
				CLANG_WARN_INT_CONVERSION = YES;
				CLANG_WARN_NON_LITERAL_NULL_CONVERSION = YES;
				CLANG_WARN_OBJC_IMPLICIT_RETAIN_SELF = YES;
				CLANG_WARN_OBJC_LITERAL_CONVERSION = YES;
				CLANG_WARN_OBJC_ROOT_CLASS = YES_ERROR;
				CLANG_WARN_RANGE_LOOP_ANALYSIS = YES;
				CLANG_WARN_STRICT_PROTOTYPES = YES;
				CLANG_WARN_SUSPICIOUS_MOVE = YES;
				CLANG_WARN_UNGUARDED_AVAILABILITY = YES_AGGRESSIVE;
				CLANG_WARN_UNREACHABLE_CODE = YES;
				CLANG_WARN__DUPLICATE_METHOD_MATCH = YES;
				COPY_PHASE_STRIP = NO;
				DEBUG_INFORMATION_FORMAT = dwarf;
				ENABLE_STRICT_OBJC_MSGSEND = YES;
				ENABLE_TESTABILITY = YES;
				GCC_C_LANGUAGE_STANDARD = gnu11;
				GCC_DYNAMIC_NO_PIC = NO;
				GCC_NO_COMMON_BLOCKS = YES;
				GCC_OPTIMIZATION_LEVEL = 0;
				GCC_PREPROCESSOR_DEFINITIONS = (
					"DEBUG=1",
					"$(inherited)",
				);
				GCC_WARN_64_TO_32_BIT_CONVERSION = YES;
				GCC_WARN_ABOUT_RETURN_TYPE = YES_ERROR;
				GCC_WARN_UNDECLARED_SELECTOR = YES;
				GCC_WARN_UNINITIALIZED_AUTOS = YES_AGGRESSIVE;
				GCC_WARN_UNUSED_FUNCTION = YES;
				GCC_WARN_UNUSED_VARIABLE = YES;
				IPHONEOS_DEPLOYMENT_TARGET = 13.2;
				MTL_ENABLE_DEBUG_INFO = INCLUDE_SOURCE;
				MTL_FAST_MATH = YES;
				ONLY_ACTIVE_ARCH = YES;
				SDKROOT = iphoneos;
				SWIFT_ACTIVE_COMPILATION_CONDITIONS = DEBUG;
				SWIFT_OPTIMIZATION_LEVEL = "-Onone";
			};
			name = Debug;
		};
		AE83A27124F543E400DC5FF1 /* Release */ = {
			isa = XCBuildConfiguration;
			buildSettings = {
				ALWAYS_SEARCH_USER_PATHS = NO;
				CLANG_ANALYZER_NONNULL = YES;
				CLANG_ANALYZER_NUMBER_OBJECT_CONVERSION = YES_AGGRESSIVE;
				CLANG_CXX_LANGUAGE_STANDARD = "gnu++14";
				CLANG_CXX_LIBRARY = "libc++";
				CLANG_ENABLE_MODULES = YES;
				CLANG_ENABLE_OBJC_ARC = YES;
				CLANG_ENABLE_OBJC_WEAK = YES;
				CLANG_WARN_BLOCK_CAPTURE_AUTORELEASING = YES;
				CLANG_WARN_BOOL_CONVERSION = YES;
				CLANG_WARN_COMMA = YES;
				CLANG_WARN_CONSTANT_CONVERSION = YES;
				CLANG_WARN_DEPRECATED_OBJC_IMPLEMENTATIONS = YES;
				CLANG_WARN_DIRECT_OBJC_ISA_USAGE = YES_ERROR;
				CLANG_WARN_DOCUMENTATION_COMMENTS = YES;
				CLANG_WARN_EMPTY_BODY = YES;
				CLANG_WARN_ENUM_CONVERSION = YES;
				CLANG_WARN_INFINITE_RECURSION = YES;
				CLANG_WARN_INT_CONVERSION = YES;
				CLANG_WARN_NON_LITERAL_NULL_CONVERSION = YES;
				CLANG_WARN_OBJC_IMPLICIT_RETAIN_SELF = YES;
				CLANG_WARN_OBJC_LITERAL_CONVERSION = YES;
				CLANG_WARN_OBJC_ROOT_CLASS = YES_ERROR;
				CLANG_WARN_RANGE_LOOP_ANALYSIS = YES;
				CLANG_WARN_STRICT_PROTOTYPES = YES;
				CLANG_WARN_SUSPICIOUS_MOVE = YES;
				CLANG_WARN_UNGUARDED_AVAILABILITY = YES_AGGRESSIVE;
				CLANG_WARN_UNREACHABLE_CODE = YES;
				CLANG_WARN__DUPLICATE_METHOD_MATCH = YES;
				COPY_PHASE_STRIP = NO;
				DEBUG_INFORMATION_FORMAT = "dwarf-with-dsym";
				ENABLE_NS_ASSERTIONS = NO;
				ENABLE_STRICT_OBJC_MSGSEND = YES;
				GCC_C_LANGUAGE_STANDARD = gnu11;
				GCC_NO_COMMON_BLOCKS = YES;
				GCC_WARN_64_TO_32_BIT_CONVERSION = YES;
				GCC_WARN_ABOUT_RETURN_TYPE = YES_ERROR;
				GCC_WARN_UNDECLARED_SELECTOR = YES;
				GCC_WARN_UNINITIALIZED_AUTOS = YES_AGGRESSIVE;
				GCC_WARN_UNUSED_FUNCTION = YES;
				GCC_WARN_UNUSED_VARIABLE = YES;
				IPHONEOS_DEPLOYMENT_TARGET = 13.2;
				MTL_ENABLE_DEBUG_INFO = NO;
				MTL_FAST_MATH = YES;
				SDKROOT = iphoneos;
				SWIFT_COMPILATION_MODE = wholemodule;
				SWIFT_OPTIMIZATION_LEVEL = "-O";
				VALIDATE_PRODUCT = YES;
			};
			name = Release;
		};
		AE83A27324F543E400DC5FF1 /* Debug */ = {
			isa = XCBuildConfiguration;
			buildSettings = {
				ASSETCATALOG_COMPILER_APPICON_NAME = AppIcon;
				CODE_SIGN_STYLE = Automatic;
				DEVELOPMENT_TEAM = 22Z9D97297;
				INFOPLIST_FILE = MassiveViewContoller_Sample/Info.plist;
				LD_RUNPATH_SEARCH_PATHS = (
					"$(inherited)",
					"@executable_path/Frameworks",
				);
				PRODUCT_BUNDLE_IDENTIFIER = com.yara.test;
				PRODUCT_NAME = "$(TARGET_NAME)";
				SWIFT_VERSION = 5.0;
				TARGETED_DEVICE_FAMILY = "1,2";
			};
			name = Debug;
		};
		AE83A27424F543E400DC5FF1 /* Release */ = {
			isa = XCBuildConfiguration;
			buildSettings = {
				ASSETCATALOG_COMPILER_APPICON_NAME = AppIcon;
				CODE_SIGN_STYLE = Automatic;
				DEVELOPMENT_TEAM = 22Z9D97297;
				INFOPLIST_FILE = MassiveViewContoller_Sample/Info.plist;
				LD_RUNPATH_SEARCH_PATHS = (
					"$(inherited)",
					"@executable_path/Frameworks",
				);
				PRODUCT_BUNDLE_IDENTIFIER = com.yara.test;
				PRODUCT_NAME = "$(TARGET_NAME)";
				SWIFT_VERSION = 5.0;
				TARGETED_DEVICE_FAMILY = "1,2";
			};
			name = Release;
		};
/* End XCBuildConfiguration section */

/* Begin XCConfigurationList section */
		AE83A25924F543DE00DC5FF1 /* Build configuration list for PBXProject "MassiveViewContoller_Sample" */ = {
			isa = XCConfigurationList;
			buildConfigurations = (
				AE83A27024F543E400DC5FF1 /* Debug */,
				AE83A27124F543E400DC5FF1 /* Release */,
			);
			defaultConfigurationIsVisible = 0;
			defaultConfigurationName = Release;
		};
		AE83A27224F543E400DC5FF1 /* Build configuration list for PBXNativeTarget "MassiveViewContoller_Sample" */ = {
			isa = XCConfigurationList;
			buildConfigurations = (
				AE83A27324F543E400DC5FF1 /* Debug */,
				AE83A27424F543E400DC5FF1 /* Release */,
			);
			defaultConfigurationIsVisible = 0;
			defaultConfigurationName = Release;
		};
/* End XCConfigurationList section */
	};
	rootObject = AE83A25624F543DE00DC5FF1 /* Project object */;
}
